{
  "requires": true,
  "lockfileVersion": 1,
  "dependencies": {
    "ng4-social-login": {
      "version": "1.4.2",
      "resolved": "https://registry.npmjs.org/ng4-social-login/-/ng4-social-login-1.4.2.tgz",
      "integrity": "sha512-ya3mZS9XwjXElEb7GKpmbwzUfzM9oR1RtoNv/WYVOtNoJIt8qb94uxjL/DFc//bXuu576MMGyHKQEx2gOJzU1Q=="
    }
  }
}
